
Microsoft Visual Studio Solution File, Format Version 12.00
# Visual Studio Version 17
VisualStudioVersion = 17.3.32929.385
MinimumVisualStudioVersion = 10.0.40219.1
Project("{FAE04EC0-301F-11D3-BF4B-00C04F79EFBC}") = "Library", "Library\Library.csproj", "{5CBCE714-8A1F-4812-8F96-45B8B137A78B}"
EndProject
Global
	GlobalSection(SolutionConfigurationPlatforms) = preSolution
		Debug|Any CPU = Debug|Any CPU
		Release|Any CPU = Release|Any CPU
	EndGlobalSection
	GlobalSection(ProjectConfigurationPlatforms) = postSolution
		{5CBCE714-8A1F-4812-8F96-45B8B137A78B}.Debug|Any CPU.ActiveCfg = Debug|Any CPU
		{5CBCE714-8A1F-4812-8F96-45B8B137A78B}.Debug|Any CPU.Build.0 = Debug|Any CPU
		{5CBCE714-8A1F-4812-8F96-45B8B137A78B}.Release|Any CPU.ActiveCfg = Release|Any CPU
		{5CBCE714-8A1F-4812-8F96-45B8B137A78B}.Release|Any CPU.Build.0 = Release|Any CPU
	EndGlobalSection
	GlobalSection(SolutionProperties) = preSolution
		HideSolutionNode = FALSE
	EndGlobalSection
	GlobalSection(ExtensibilityGlobals) = postSolution
		SolutionGuid = {432891BA-492D-4E03-9D5E-66F2D1AF61C0}
	EndGlobalSection
EndGlobal
